
Microsoft Visual Studio Solution File, Format Version 12.00
# Visual Studio Version 16
VisualStudioVersion = 16.0.29613.14
MinimumVisualStudioVersion = 10.0.40219.1
Project("{FAE04EC0-301F-11D3-BF4B-00C04F79EFBC}") = "BatalhaNaval", "BatalhaNaval\BatalhaNaval.csproj", "{3263583A-3E96-4CCE-8C9B-E7A9A38ADFA0}"
EndProject
Global
	GlobalSection(SolutionConfigurationPlatforms) = preSolution
		Debug|Any CPU = Debug|Any CPU
		Release|Any CPU = Release|Any CPU
	EndGlobalSection
	GlobalSection(ProjectConfigurationPlatforms) = postSolution
		{3263583A-3E96-4CCE-8C9B-E7A9A38ADFA0}.Debug|Any CPU.ActiveCfg = Debug|Any CPU
		{3263583A-3E96-4CCE-8C9B-E7A9A38ADFA0}.Debug|Any CPU.Build.0 = Debug|Any CPU
		{3263583A-3E96-4CCE-8C9B-E7A9A38ADFA0}.Release|Any CPU.ActiveCfg = Release|Any CPU
		{3263583A-3E96-4CCE-8C9B-E7A9A38ADFA0}.Release|Any CPU.Build.0 = Release|Any CPU
	EndGlobalSection
	GlobalSection(SolutionProperties) = preSolution
		HideSolutionNode = FALSE
	EndGlobalSection
	GlobalSection(ExtensibilityGlobals) = postSolution
		SolutionGuid = {804CF5A8-F54C-41C4-A249-BE671A3DB8AF}
	EndGlobalSection
EndGlobal
